
Microsoft Visual Studio Solution File, Format Version 12.00
Project("{FAE04EC0-301F-11D3-BF4B-00C04F79EFBC}") = "mvvm.zcommand", "mvvm.zcommand\mvvm.zcommand.csproj", "{F247BBE4-12FC-458A-8AF2-6229D99EA73D}"
EndProject
Global
	GlobalSection(SolutionConfigurationPlatforms) = preSolution
		Debug|Any CPU = Debug|Any CPU
		Release|Any CPU = Release|Any CPU
	EndGlobalSection
	GlobalSection(ProjectConfigurationPlatforms) = postSolution
		{F247BBE4-12FC-458A-8AF2-6229D99EA73D}.Debug|Any CPU.ActiveCfg = Debug|Any CPU
		{F247BBE4-12FC-458A-8AF2-6229D99EA73D}.Debug|Any CPU.Build.0 = Debug|Any CPU
		{F247BBE4-12FC-458A-8AF2-6229D99EA73D}.Release|Any CPU.ActiveCfg = Release|Any CPU
		{F247BBE4-12FC-458A-8AF2-6229D99EA73D}.Release|Any CPU.Build.0 = Release|Any CPU
	EndGlobalSection
EndGlobal
